
Microsoft Visual Studio Solution File, Format Version 12.00
# Visual Studio Version 16
VisualStudioVersion = 16.0.28803.156
MinimumVisualStudioVersion = 10.0.40219.1
Project("{9A19103F-16F7-4668-BE54-9A1E7A4F7556}") = "APIGateWay-APIS", "APIGateWay1\APIGateWay-APIS.csproj", "{309A0D8C-2FC0-4F5E-B246-DFA6BCAEA49C}"
EndProject
Project("{9A19103F-16F7-4668-BE54-9A1E7A4F7556}") = "APIGateway-ImageProc", "APIGateway2\APIGateway-ImageProc.csproj", "{A0A5B42A-B1D1-4530-B226-DA3B3C4AAE9D}"
EndProject
Global
	GlobalSection(SolutionConfigurationPlatforms) = preSolution
		Debug|Any CPU = Debug|Any CPU
		Release|Any CPU = Release|Any CPU
	EndGlobalSection
	GlobalSection(ProjectConfigurationPlatforms) = postSolution
		{309A0D8C-2FC0-4F5E-B246-DFA6BCAEA49C}.Debug|Any CPU.ActiveCfg = Debug|Any CPU
		{309A0D8C-2FC0-4F5E-B246-DFA6BCAEA49C}.Debug|Any CPU.Build.0 = Debug|Any CPU
		{309A0D8C-2FC0-4F5E-B246-DFA6BCAEA49C}.Release|Any CPU.ActiveCfg = Release|Any CPU
		{309A0D8C-2FC0-4F5E-B246-DFA6BCAEA49C}.Release|Any CPU.Build.0 = Release|Any CPU
		{A0A5B42A-B1D1-4530-B226-DA3B3C4AAE9D}.Debug|Any CPU.ActiveCfg = Debug|Any CPU
		{A0A5B42A-B1D1-4530-B226-DA3B3C4AAE9D}.Debug|Any CPU.Build.0 = Debug|Any CPU
		{A0A5B42A-B1D1-4530-B226-DA3B3C4AAE9D}.Release|Any CPU.ActiveCfg = Release|Any CPU
		{A0A5B42A-B1D1-4530-B226-DA3B3C4AAE9D}.Release|Any CPU.Build.0 = Release|Any CPU
	EndGlobalSection
	GlobalSection(SolutionProperties) = preSolution
		HideSolutionNode = FALSE
	EndGlobalSection
	GlobalSection(ExtensibilityGlobals) = postSolution
		SolutionGuid = {F7671D59-805D-4053-9CFB-0C33E24A3B35}
	EndGlobalSection
EndGlobal
